{
  "name": "summertime",
  "version": "1.0.0",
  "lockfileVersion": 1,
  "requires": true,
  "dependencies": {
    "bulma": {
      "version": "0.9.0",
      "resolved": "https://registry.npmjs.org/bulma/-/bulma-0.9.0.tgz",
      "integrity": "sha512-rV75CJkubNUroAt0qCRkjznZLoaXq/ctfMXsMvKSL84UetbSyx5REl96e8GoQ04G4Tkw0XF3STECffTOQrbzOQ=="
    },
    "macy": {
      "version": "2.5.1",
      "resolved": "https://registry.npmjs.org/macy/-/macy-2.5.1.tgz",
      "integrity": "sha512-+y4WYyh3rl4G8UczZP30pXxhLQRZ941QcaDmWoGefzUBXdwNW8TOhjjN1g5i/VG3SmiSsHgpjVXhlnZ84P2QMw=="
    }
  }
}
